
Microsoft Visual Studio Solution File, Format Version 12.00
# Visual Studio Version 17
VisualStudioVersion = 17.0.32126.317
MinimumVisualStudioVersion = 10.0.40219.1
Project("{FAE04EC0-301F-11D3-BF4B-00C04F79EFBC}") = "ModeloCalculadora", "ModeloCalculadora\ModeloCalculadora.csproj", "{86393DB6-A1CD-45CB-B8C5-C0ACF2455672}"
EndProject
Project("{FAE04EC0-301F-11D3-BF4B-00C04F79EFBC}") = "ModeloCalculadoraTests", "ModeloCalculadoraTests\ModeloCalculadoraTests.csproj", "{4E722DA9-13F4-4619-A8AA-55DCA547FBF9}"
EndProject
Global
	GlobalSection(SolutionConfigurationPlatforms) = preSolution
		Debug|Any CPU = Debug|Any CPU
		Release|Any CPU = Release|Any CPU
	EndGlobalSection
	GlobalSection(ProjectConfigurationPlatforms) = postSolution
		{86393DB6-A1CD-45CB-B8C5-C0ACF2455672}.Debug|Any CPU.ActiveCfg = Debug|Any CPU
		{86393DB6-A1CD-45CB-B8C5-C0ACF2455672}.Debug|Any CPU.Build.0 = Debug|Any CPU
		{86393DB6-A1CD-45CB-B8C5-C0ACF2455672}.Release|Any CPU.ActiveCfg = Release|Any CPU
		{86393DB6-A1CD-45CB-B8C5-C0ACF2455672}.Release|Any CPU.Build.0 = Release|Any CPU
		{4E722DA9-13F4-4619-A8AA-55DCA547FBF9}.Debug|Any CPU.ActiveCfg = Debug|Any CPU
		{4E722DA9-13F4-4619-A8AA-55DCA547FBF9}.Debug|Any CPU.Build.0 = Debug|Any CPU
		{4E722DA9-13F4-4619-A8AA-55DCA547FBF9}.Release|Any CPU.ActiveCfg = Release|Any CPU
		{4E722DA9-13F4-4619-A8AA-55DCA547FBF9}.Release|Any CPU.Build.0 = Release|Any CPU
	EndGlobalSection
	GlobalSection(SolutionProperties) = preSolution
		HideSolutionNode = FALSE
	EndGlobalSection
	GlobalSection(ExtensibilityGlobals) = postSolution
		SolutionGuid = {387BFB20-FBA5-4F75-9F9B-26F2FA6725AE}
	EndGlobalSection
EndGlobal
